dependencies:
- name: postgresql
  repository: https://charts.bitnami.com/bitnami
  version: 12.5.6
- name: redis
  repository: https://charts.bitnami.com/bitnami
  version: 16.13.2
digest: sha256:19f681a77c5ab503507d07ee835f2e70a11035994d1c0f92bce5d2b1607c3499
generated: "2025-12-07T16:28:00.000000000+08:00"
